
Microsoft Visual Studio Solution File, Format Version 12.00
# Visual Studio Version 17
VisualStudioVersion = 17.2.32516.85
MinimumVisualStudioVersion = 10.0.40219.1
Project("{FAE04EC0-301F-11D3-BF4B-00C04F79EFBC}") = "NormativeCalculator", "Internship Project\NormativeCalculator.csproj", "{178A4965-95DD-47A3-874E-145917A965B4}"
EndProject
Global
	GlobalSection(SolutionConfigurationPlatforms) = preSolution
		Debug|Any CPU = Debug|Any CPU
		Release|Any CPU = Release|Any CPU
	EndGlobalSection
	GlobalSection(ProjectConfigurationPlatforms) = postSolution
		{178A4965-95DD-47A3-874E-145917A965B4}.Debug|Any CPU.ActiveCfg = Debug|Any CPU
		{178A4965-95DD-47A3-874E-145917A965B4}.Debug|Any CPU.Build.0 = Debug|Any CPU
		{178A4965-95DD-47A3-874E-145917A965B4}.Release|Any CPU.ActiveCfg = Release|Any CPU
		{178A4965-95DD-47A3-874E-145917A965B4}.Release|Any CPU.Build.0 = Release|Any CPU
	EndGlobalSection
	GlobalSection(SolutionProperties) = preSolution
		HideSolutionNode = FALSE
	EndGlobalSection
	GlobalSection(ExtensibilityGlobals) = postSolution
		SolutionGuid = {91B47A73-BDF7-4813-89D0-821434697907}
	EndGlobalSection
EndGlobal
